
Microsoft Visual Studio Solution File, Format Version 12.00
# Visual Studio Version 17
VisualStudioVersion = 17.6.33712.159
MinimumVisualStudioVersion = 10.0.40219.1
Project("{FAE04EC0-301F-11D3-BF4B-00C04F79EFBC}") = "CS_Lazy Load_inLINQ", "CS_Lazy Load_inLINQ\CS_Lazy Load_inLINQ.csproj", "{26CC4B71-18C3-448D-90EF-EB811E1E0CB2}"
EndProject
Global
	GlobalSection(SolutionConfigurationPlatforms) = preSolution
		Debug|Any CPU = Debug|Any CPU
		Release|Any CPU = Release|Any CPU
	EndGlobalSection
	GlobalSection(ProjectConfigurationPlatforms) = postSolution
		{26CC4B71-18C3-448D-90EF-EB811E1E0CB2}.Debug|Any CPU.ActiveCfg = Debug|Any CPU
		{26CC4B71-18C3-448D-90EF-EB811E1E0CB2}.Debug|Any CPU.Build.0 = Debug|Any CPU
		{26CC4B71-18C3-448D-90EF-EB811E1E0CB2}.Release|Any CPU.ActiveCfg = Release|Any CPU
		{26CC4B71-18C3-448D-90EF-EB811E1E0CB2}.Release|Any CPU.Build.0 = Release|Any CPU
	EndGlobalSection
	GlobalSection(SolutionProperties) = preSolution
		HideSolutionNode = FALSE
	EndGlobalSection
	GlobalSection(ExtensibilityGlobals) = postSolution
		SolutionGuid = {3548F39A-C10B-4BA3-9DF0-292AF9BF1D22}
	EndGlobalSection
EndGlobal
